
Microsoft Visual Studio Solution File, Format Version 12.00
# Visual Studio 2013
VisualStudioVersion = 12.0.30723.0
MinimumVisualStudioVersion = 10.0.40219.1
Project("{FAE04EC0-301F-11D3-BF4B-00C04F79EFBC}") = "SimpleFixture", "SimpleFixture\SimpleFixture.csproj", "{ACFD0B4C-9003-458B-9DB3-9BA25CB448C2}"
EndProject
Project("{FAE04EC0-301F-11D3-BF4B-00C04F79EFBC}") = "SimpleFixture.Tests", "SimpleFixture.Tests\SimpleFixture.Tests.csproj", "{A52BCA7D-98E7-4870-AFB6-741E9FF74532}"
EndProject
Project("{2150E333-8FDC-42A3-9474-1A3956D46DE8}") = ".nuget", ".nuget", "{EAC70679-8D1F-4B07-B5E7-D0DB36013DE1}"
	ProjectSection(SolutionItems) = preProject
		.nuget\packages.config = .nuget\packages.config
	EndProjectSection
EndProject
Project("{FAE04EC0-301F-11D3-BF4B-00C04F79EFBC}") = "SimpleFixture.NSubstitute", "SimpleFixture.NSubstitute\SimpleFixture.NSubstitute.csproj", "{8E289544-036F-415C-B963-BB5BC9F06D15}"
EndProject
Project("{FAE04EC0-301F-11D3-BF4B-00C04F79EFBC}") = "SimpleFixture.Moq", "SimpleFixture.Moq\SimpleFixture.Moq.csproj", "{C97B9AD7-ACF7-45F8-83B5-E14519592D68}"
EndProject
Global
	GlobalSection(SolutionConfigurationPlatforms) = preSolution
		Debug|Any CPU = Debug|Any CPU
		Release|Any CPU = Release|Any CPU
	EndGlobalSection
	GlobalSection(ProjectConfigurationPlatforms) = postSolution
		{ACFD0B4C-9003-458B-9DB3-9BA25CB448C2}.Debug|Any CPU.ActiveCfg = Debug|Any CPU
		{ACFD0B4C-9003-458B-9DB3-9BA25CB448C2}.Debug|Any CPU.Build.0 = Debug|Any CPU
		{ACFD0B4C-9003-458B-9DB3-9BA25CB448C2}.Release|Any CPU.ActiveCfg = Release|Any CPU
		{ACFD0B4C-9003-458B-9DB3-9BA25CB448C2}.Release|Any CPU.Build.0 = Release|Any CPU
		{A52BCA7D-98E7-4870-AFB6-741E9FF74532}.Debug|Any CPU.ActiveCfg = Debug|Any CPU
		{A52BCA7D-98E7-4870-AFB6-741E9FF74532}.Debug|Any CPU.Build.0 = Debug|Any CPU
		{A52BCA7D-98E7-4870-AFB6-741E9FF74532}.Release|Any CPU.ActiveCfg = Release|Any CPU
		{A52BCA7D-98E7-4870-AFB6-741E9FF74532}.Release|Any CPU.Build.0 = Release|Any CPU
		{8E289544-036F-415C-B963-BB5BC9F06D15}.Debug|Any CPU.ActiveCfg = Debug|Any CPU
		{8E289544-036F-415C-B963-BB5BC9F06D15}.Debug|Any CPU.Build.0 = Debug|Any CPU
		{8E289544-036F-415C-B963-BB5BC9F06D15}.Release|Any CPU.ActiveCfg = Release|Any CPU
		{8E289544-036F-415C-B963-BB5BC9F06D15}.Release|Any CPU.Build.0 = Release|Any CPU
		{C97B9AD7-ACF7-45F8-83B5-E14519592D68}.Debug|Any CPU.ActiveCfg = Debug|Any CPU
		{C97B9AD7-ACF7-45F8-83B5-E14519592D68}.Debug|Any CPU.Build.0 = Debug|Any CPU
		{C97B9AD7-ACF7-45F8-83B5-E14519592D68}.Release|Any CPU.ActiveCfg = Release|Any CPU
		{C97B9AD7-ACF7-45F8-83B5-E14519592D68}.Release|Any CPU.Build.0 = Release|Any CPU
	EndGlobalSection
	GlobalSection(SolutionProperties) = preSolution
		HideSolutionNode = FALSE
	EndGlobalSection
EndGlobal
